
Microsoft Visual Studio Solution File, Format Version 12.00
# Visual Studio Version 17
VisualStudioVersion = 17.3.32825.248
MinimumVisualStudioVersion = 10.0.40219.1
Project("{FAE04EC0-301F-11D3-BF4B-00C04F79EFBC}") = "FamilyTree", "FamilyTree\FamilyTree.csproj", "{4085CCA4-7DB0-43C8-A270-708430EDD6FD}"
EndProject
Global
	GlobalSection(SolutionConfigurationPlatforms) = preSolution
		Debug|Any CPU = Debug|Any CPU
		Release|Any CPU = Release|Any CPU
	EndGlobalSection
	GlobalSection(ProjectConfigurationPlatforms) = postSolution
		{4085CCA4-7DB0-43C8-A270-708430EDD6FD}.Debug|Any CPU.ActiveCfg = Debug|Any CPU
		{4085CCA4-7DB0-43C8-A270-708430EDD6FD}.Debug|Any CPU.Build.0 = Debug|Any CPU
		{4085CCA4-7DB0-43C8-A270-708430EDD6FD}.Release|Any CPU.ActiveCfg = Release|Any CPU
		{4085CCA4-7DB0-43C8-A270-708430EDD6FD}.Release|Any CPU.Build.0 = Release|Any CPU
	EndGlobalSection
	GlobalSection(SolutionProperties) = preSolution
		HideSolutionNode = FALSE
	EndGlobalSection
	GlobalSection(ExtensibilityGlobals) = postSolution
		SolutionGuid = {B635F5D1-09D9-466C-A6C2-9D9BD5B7BF58}
	EndGlobalSection
EndGlobal
